// !$*UTF8*$!
{
	archiveVersion = 1;
	classes = {
	};
	objectVersion = 56;
	objects = {

/* Begin PBXBuildFile section */
		748ED3CD2BBAAEE200BEB6C2 /* MainView.swift in Sources */ = {isa = PBXBuildFile; fileRef = 748ED3CC2BBAAEE200BEB6C2 /* MainView.swift */; };
		748ED3D32BBACB6400BEB6C2 /* Screenshot3.png in Resources */ = {isa = PBXBuildFile; fileRef = 748ED3D22BBACB6400BEB6C2 /* Screenshot3.png */; };
		748ED3D52BBACB6E00BEB6C2 /* Screenshot2.png in Resources */ = {isa = PBXBuildFile; fileRef = 748ED3D42BBACB6E00BEB6C2 /* Screenshot2.png */; };
		748ED3D72BBACBAA00BEB6C2 /* Screenshot1.png in Resources */ = {isa = PBXBuildFile; fileRef = 748ED3D62BBACBAA00BEB6C2 /* Screenshot1.png */; };
		74FE670F2BA1AB2C002A90CD /* Expenses_AppApp.swift in Sources */ = {isa = PBXBuildFile; fileRef = 74FE670E2BA1AB2C002A90CD /* Expenses_AppApp.swift */; };
		74FE67112BA1AB2C002A90CD /* AllExpensesView.swift in Sources */ = {isa = PBXBuildFile; fileRef = 74FE67102BA1AB2C002A90CD /* AllExpensesView.swift */; };
		74FE67132BA1AB2E002A90CD /* Assets.xcassets in Resources */ = {isa = PBXBuildFile; fileRef = 74FE67122BA1AB2E002A90CD /* Assets.xcassets */; };
		74FE67162BA1AB2E002A90CD /* Preview Assets.xcassets in Resources */ = {isa = PBXBuildFile; fileRef = 74FE67152BA1AB2E002A90CD /* Preview Assets.xcassets */; };
		74FE671F2BA1ABFB002A90CD /* ExpensesModel.swift in Sources */ = {isa = PBXBuildFile; fileRef = 74FE671E2BA1ABFB002A90CD /* ExpensesModel.swift */; };
		74FE67242BA1AEB6002A90CD /* Expenses.swift in Sources */ = {isa = PBXBuildFile; fileRef = 74FE67232BA1AEB6002A90CD /* Expenses.swift */; };
		74FE67262BA1B92E002A90CD /* AddExpensesView.swift in Sources */ = {isa = PBXBuildFile; fileRef = 74FE67252BA1B92E002A90CD /* AddExpensesView.swift */; };
		74FE672E2BA31572002A90CD /* Expenses_AppTests.swift in Sources */ = {isa = PBXBuildFile; fileRef = 74FE672D2BA31572002A90CD /* Expenses_AppTests.swift */; };
/* End PBXBuildFile section */

/* Begin PBXContainerItemProxy section */
		74FE672F2BA31572002A90CD /* PBXContainerItemProxy */ = {
			isa = PBXContainerItemProxy;
			containerPortal = 74FE67032BA1AB2C002A90CD /* Project object */;
			proxyType = 1;
			remoteGlobalIDString = 74FE670A2BA1AB2C002A90CD;
			remoteInfo = Expenses_App;
		};
/* End PBXContainerItemProxy section */

/* Begin PBXFileReference section */
		748ED3CC2BBAAEE200BEB6C2 /* MainView.swift */ = {isa = PBXFileReference; lastKnownFileType = sourcecode.swift; path = MainView.swift; sourceTree = "<group>"; };
		748ED3D22BBACB6400BEB6C2 /* Screenshot3.png */ = {isa = PBXFileReference; lastKnownFileType = image.png; name = Screenshot3.png; path = ../../../../Screenshot3.png; sourceTree = "<group>"; };
		748ED3D42BBACB6E00BEB6C2 /* Screenshot2.png */ = {isa = PBXFileReference; lastKnownFileType = image.png; name = Screenshot2.png; path = ../../../../Screenshot2.png; sourceTree = "<group>"; };
		748ED3D62BBACBAA00BEB6C2 /* Screenshot1.png */ = {isa = PBXFileReference; lastKnownFileType = image.png; name = Screenshot1.png; path = ../../../../Screenshot1.png; sourceTree = "<group>"; };
		74FE670B2BA1AB2C002A90CD /* Expenses_App.app */ = {isa = PBXFileReference; explicitFileType = wrapper.application; includeInIndex = 0; path = Expenses_App.app; sourceTree = BUILT_PRODUCTS_DIR; };
		74FE670E2BA1AB2C002A90CD /* Expenses_AppApp.swift */ = {isa = PBXFileReference; lastKnownFileType = sourcecode.swift; path = Expenses_AppApp.swift; sourceTree = "<group>"; };
		74FE67102BA1AB2C002A90CD /* AllExpensesView.swift */ = {isa = PBXFileReference; lastKnownFileType = sourcecode.swift; path = AllExpensesView.swift; sourceTree = "<group>"; };
		74FE67122BA1AB2E002A90CD /* Assets.xcassets */ = {isa = PBXFileReference; lastKnownFileType = folder.assetcatalog; path = Assets.xcassets; sourceTree = "<group>"; };
		74FE67152BA1AB2E002A90CD /* Preview Assets.xcassets */ = {isa = PBXFileReference; lastKnownFileType = folder.assetcatalog; path = "Preview Assets.xcassets"; sourceTree = "<group>"; };
		74FE671E2BA1ABFB002A90CD /* ExpensesModel.swift */ = {isa = PBXFileReference; lastKnownFileType = sourcecode.swift; path = ExpensesModel.swift; sourceTree = "<group>"; };
		74FE67232BA1AEB6002A90CD /* Expenses.swift */ = {isa = PBXFileReference; lastKnownFileType = sourcecode.swift; path = Expenses.swift; sourceTree = "<group>"; };
		74FE67252BA1B92E002A90CD /* AddExpensesView.swift */ = {isa = PBXFileReference; lastKnownFileType = sourcecode.swift; path = AddExpensesView.swift; sourceTree = "<group>"; };
		74FE672B2BA31572002A90CD /* Expenses_AppTests.xctest */ = {isa = PBXFileReference; explicitFileType = wrapper.cfbundle; includeInIndex = 0; path = Expenses_AppTests.xctest; sourceTree = BUILT_PRODUCTS_DIR; };
		74FE672D2BA31572002A90CD /* Expenses_AppTests.swift */ = {isa = PBXFileReference; lastKnownFileType = sourcecode.swift; path = Expenses_AppTests.swift; sourceTree = "<group>"; };
/* End PBXFileReference section */

/* Begin PBXFrameworksBuildPhase section */
		74FE67082BA1AB2C002A90CD /* Frameworks */ = {
			isa = PBXFrameworksBuildPhase;
			buildActionMask = 2147483647;
			files = (
			);
			runOnlyForDeploymentPostprocessing = 0;
		};
		74FE67282BA31572002A90CD /* Frameworks */ = {
			isa = PBXFrameworksBuildPhase;
			buildActionMask = 2147483647;
			files = (
			);
			runOnlyForDeploymentPostprocessing = 0;
		};
/* End PBXFrameworksBuildPhase section */

/* Begin PBXGroup section */
		748ED3CF2BBAC8D300BEB6C2 /* GitScreenshots */ = {
			isa = PBXGroup;
			children = (
				748ED3D22BBACB6400BEB6C2 /* Screenshot3.png */,
				748ED3D62BBACBAA00BEB6C2 /* Screenshot1.png */,
				748ED3D42BBACB6E00BEB6C2 /* Screenshot2.png */,
			);
			path = GitScreenshots;
			sourceTree = "<group>";
		};
		74FE67022BA1AB2C002A90CD = {
			isa = PBXGroup;
			children = (
				74FE670D2BA1AB2C002A90CD /* Expenses_App */,
				74FE672C2BA31572002A90CD /* Expenses_AppTests */,
				74FE670C2BA1AB2C002A90CD /* Products */,
			);
			sourceTree = "<group>";
		};
		74FE670C2BA1AB2C002A90CD /* Products */ = {
			isa = PBXGroup;
			children = (
				74FE670B2BA1AB2C002A90CD /* Expenses_App.app */,
				74FE672B2BA31572002A90CD /* Expenses_AppTests.xctest */,
			);
			name = Products;
			sourceTree = "<group>";
		};
		74FE670D2BA1AB2C002A90CD /* Expenses_App */ = {
			isa = PBXGroup;
			children = (
				748ED3CF2BBAC8D300BEB6C2 /* GitScreenshots */,
				74FE671C2BA1AB4F002A90CD /* App */,
				74FE671D2BA1AB61002A90CD /* Scenes */,
				74FE67122BA1AB2E002A90CD /* Assets.xcassets */,
				74FE67142BA1AB2E002A90CD /* Preview Content */,
			);
			path = Expenses_App;
			sourceTree = "<group>";
		};
		74FE67142BA1AB2E002A90CD /* Preview Content */ = {
			isa = PBXGroup;
			children = (
				74FE67152BA1AB2E002A90CD /* Preview Assets.xcassets */,
			);
			path = "Preview Content";
			sourceTree = "<group>";
		};
		74FE671C2BA1AB4F002A90CD /* App */ = {
			isa = PBXGroup;
			children = (
				74FE670E2BA1AB2C002A90CD /* Expenses_AppApp.swift */,
			);
			path = App;
			sourceTree = "<group>";
		};
		74FE671D2BA1AB61002A90CD /* Scenes */ = {
			isa = PBXGroup;
			children = (
				74FE67202BA1AE10002A90CD /* Model */,
				74FE67212BA1AE2A002A90CD /* Views */,
				74FE67222BA1AE39002A90CD /* ViewModel */,
			);
			path = Scenes;
			sourceTree = "<group>";
		};
		74FE67202BA1AE10002A90CD /* Model */ = {
			isa = PBXGroup;
			children = (
				74FE671E2BA1ABFB002A90CD /* ExpensesModel.swift */,
			);
			path = Model;
			sourceTree = "<group>";
		};
		74FE67212BA1AE2A002A90CD /* Views */ = {
			isa = PBXGroup;
			children = (
				748ED3CC2BBAAEE200BEB6C2 /* MainView.swift */,
				74FE67102BA1AB2C002A90CD /* AllExpensesView.swift */,
				74FE67252BA1B92E002A90CD /* AddExpensesView.swift */,
			);
			path = Views;
			sourceTree = "<group>";
		};
		74FE67222BA1AE39002A90CD /* ViewModel */ = {
			isa = PBXGroup;
			children = (
				74FE67232BA1AEB6002A90CD /* Expenses.swift */,
			);
			path = ViewModel;
			sourceTree = "<group>";
		};
		74FE672C2BA31572002A90CD /* Expenses_AppTests */ = {
			isa = PBXGroup;
			children = (
				74FE672D2BA31572002A90CD /* Expenses_AppTests.swift */,
			);
			path = Expenses_AppTests;
			sourceTree = "<group>";
		};
/* End PBXGroup section */

/* Begin PBXNativeTarget section */
		74FE670A2BA1AB2C002A90CD /* Expenses_App */ = {
			isa = PBXNativeTarget;
			buildConfigurationList = 74FE67192BA1AB2E002A90CD /* Build configuration list for PBXNativeTarget "Expenses_App" */;
			buildPhases = (
				74FE67072BA1AB2C002A90CD /* Sources */,
				74FE67082BA1AB2C002A90CD /* Frameworks */,
				74FE67092BA1AB2C002A90CD /* Resources */,
			);
			buildRules = (
			);
			dependencies = (
			);
			name = Expenses_App;
			productName = Expenses_App;
			productReference = 74FE670B2BA1AB2C002A90CD /* Expenses_App.app */;
			productType = "com.apple.product-type.application";
		};
		74FE672A2BA31572002A90CD /* Expenses_AppTests */ = {
			isa = PBXNativeTarget;
			buildConfigurationList = 74FE67332BA31572002A90CD /* Build configuration list for PBXNativeTarget "Expenses_AppTests" */;
			buildPhases = (
				74FE67272BA31572002A90CD /* Sources */,
				74FE67282BA31572002A90CD /* Frameworks */,
				74FE67292BA31572002A90CD /* Resources */,
			);
			buildRules = (
			);
			dependencies = (
				74FE67302BA31572002A90CD /* PBXTargetDependency */,
			);
			name = Expenses_AppTests;
			productName = Expenses_AppTests;
			productReference = 74FE672B2BA31572002A90CD /* Expenses_AppTests.xctest */;
			productType = "com.apple.product-type.bundle.unit-test";
		};
/* End PBXNativeTarget section */

/* Begin PBXProject section */
		74FE67032BA1AB2C002A90CD /* Project object */ = {
			isa = PBXProject;
			attributes = {
				BuildIndependentTargetsInParallel = 1;
				LastSwiftUpdateCheck = 1420;
				LastUpgradeCheck = 1420;
				TargetAttributes = {
					74FE670A2BA1AB2C002A90CD = {
						CreatedOnToolsVersion = 14.2;
					};
					74FE672A2BA31572002A90CD = {
						CreatedOnToolsVersion = 14.2;
						TestTargetID = 74FE670A2BA1AB2C002A90CD;
					};
				};
			};
			buildConfigurationList = 74FE67062BA1AB2C002A90CD /* Build configuration list for PBXProject "Expenses_App" */;
			compatibilityVersion = "Xcode 14.0";
			developmentRegion = en;
			hasScannedForEncodings = 0;
			knownRegions = (
				en,
				Base,
			);
			mainGroup = 74FE67022BA1AB2C002A90CD;
			productRefGroup = 74FE670C2BA1AB2C002A90CD /* Products */;
			projectDirPath = "";
			projectRoot = "";
			targets = (
				74FE670A2BA1AB2C002A90CD /* Expenses_App */,
				74FE672A2BA31572002A90CD /* Expenses_AppTests */,
			);
		};
/* End PBXProject section */

/* Begin PBXResourcesBuildPhase section */
		74FE67092BA1AB2C002A90CD /* Resources */ = {
			isa = PBXResourcesBuildPhase;
			buildActionMask = 2147483647;
			files = (
				748ED3D52BBACB6E00BEB6C2 /* Screenshot2.png in Resources */,
				748ED3D72BBACBAA00BEB6C2 /* Screenshot1.png in Resources */,
				74FE67162BA1AB2E002A90CD /* Preview Assets.xcassets in Resources */,
				74FE67132BA1AB2E002A90CD /* Assets.xcassets in Resources */,
				748ED3D32BBACB6400BEB6C2 /* Screenshot3.png in Resources */,
			);
			runOnlyForDeploymentPostprocessing = 0;
		};
		74FE67292BA31572002A90CD /* Resources */ = {
			isa = PBXResourcesBuildPhase;
			buildActionMask = 2147483647;
			files = (
			);
			runOnlyForDeploymentPostprocessing = 0;
		};
/* End PBXResourcesBuildPhase section */

/* Begin PBXSourcesBuildPhase section */
		74FE67072BA1AB2C002A90CD /* Sources */ = {
			isa = PBXSourcesBuildPhase;
			buildActionMask = 2147483647;
			files = (
				74FE67242BA1AEB6002A90CD /* Expenses.swift in Sources */,
				748ED3CD2BBAAEE200BEB6C2 /* MainView.swift in Sources */,
				74FE671F2BA1ABFB002A90CD /* ExpensesModel.swift in Sources */,
				74FE67262BA1B92E002A90CD /* AddExpensesView.swift in Sources */,
				74FE67112BA1AB2C002A90CD /* AllExpensesView.swift in Sources */,
				74FE670F2BA1AB2C002A90CD /* Expenses_AppApp.swift in Sources */,
			);
			runOnlyForDeploymentPostprocessing = 0;
		};
		74FE67272BA31572002A90CD /* Sources */ = {
			isa = PBXSourcesBuildPhase;
			buildActionMask = 2147483647;
			files = (
				74FE672E2BA31572002A90CD /* Expenses_AppTests.swift in Sources */,
			);
			runOnlyForDeploymentPostprocessing = 0;
		};
/* End PBXSourcesBuildPhase section */

/* Begin PBXTargetDependency section */
		74FE67302BA31572002A90CD /* PBXTargetDependency */ = {
			isa = PBXTargetDependency;
			target = 74FE670A2BA1AB2C002A90CD /* Expenses_App */;
			targetProxy = 74FE672F2BA31572002A90CD /* PBXContainerItemProxy */;
		};
/* End PBXTargetDependency section */

/* Begin XCBuildConfiguration section */
		74FE67172BA1AB2E002A90CD /* Debug */ = {
			isa = XCBuildConfiguration;
			buildSettings = {
				ALWAYS_SEARCH_USER_PATHS = NO;
				CLANG_ANALYZER_NONNULL = YES;
				CLANG_ANALYZER_NUMBER_OBJECT_CONVERSION = YES_AGGRESSIVE;
				CLANG_CXX_LANGUAGE_STANDARD = "gnu++20";
				CLANG_ENABLE_MODULES = YES;
				CLANG_ENABLE_OBJC_ARC = YES;
				CLANG_ENABLE_OBJC_WEAK = YES;
				CLANG_WARN_BLOCK_CAPTURE_AUTORELEASING = YES;
				CLANG_WARN_BOOL_CONVERSION = YES;
				CLANG_WARN_COMMA = YES;
				CLANG_WARN_CONSTANT_CONVERSION = YES;
				CLANG_WARN_DEPRECATED_OBJC_IMPLEMENTATIONS = YES;
				CLANG_WARN_DIRECT_OBJC_ISA_USAGE = YES_ERROR;
				CLANG_WARN_DOCUMENTATION_COMMENTS = YES;
				CLANG_WARN_EMPTY_BODY = YES;
				CLANG_WARN_ENUM_CONVERSION = YES;
				CLANG_WARN_INFINITE_RECURSION = YES;
				CLANG_WARN_INT_CONVERSION = YES;
				CLANG_WARN_NON_LITERAL_NULL_CONVERSION = YES;
				CLANG_WARN_OBJC_IMPLICIT_RETAIN_SELF = YES;
				CLANG_WARN_OBJC_LITERAL_CONVERSION = YES;
				CLANG_WARN_OBJC_ROOT_CLASS = YES_ERROR;
				CLANG_WARN_QUOTED_INCLUDE_IN_FRAMEWORK_HEADER = YES;
				CLANG_WARN_RANGE_LOOP_ANALYSIS = YES;
				CLANG_WARN_STRICT_PROTOTYPES = YES;
				CLANG_WARN_SUSPICIOUS_MOVE = YES;
				CLANG_WARN_UNGUARDED_AVAILABILITY = YES_AGGRESSIVE;
				CLANG_WARN_UNREACHABLE_CODE = YES;
				CLANG_WARN__DUPLICATE_METHOD_MATCH = YES;
				COPY_PHASE_STRIP = NO;
				DEBUG_INFORMATION_FORMAT = dwarf;
				ENABLE_STRICT_OBJC_MSGSEND = YES;
				ENABLE_TESTABILITY = YES;
				GCC_C_LANGUAGE_STANDARD = gnu11;
				GCC_DYNAMIC_NO_PIC = NO;
				GCC_NO_COMMON_BLOCKS = YES;
				GCC_OPTIMIZATION_LEVEL = 0;
				GCC_PREPROCESSOR_DEFINITIONS = (
					"DEBUG=1",
					"$(inherited)",
				);
				GCC_WARN_64_TO_32_BIT_CONVERSION = YES;
				GCC_WARN_ABOUT_RETURN_TYPE = YES_ERROR;
				GCC_WARN_UNDECLARED_SELECTOR = YES;
				GCC_WARN_UNINITIALIZED_AUTOS = YES_AGGRESSIVE;
				GCC_WARN_UNUSED_FUNCTION = YES;
				GCC_WARN_UNUSED_VARIABLE = YES;
				IPHONEOS_DEPLOYMENT_TARGET = 16.2;
				MTL_ENABLE_DEBUG_INFO = INCLUDE_SOURCE;
				MTL_FAST_MATH = YES;
				ONLY_ACTIVE_ARCH = YES;
				SDKROOT = iphoneos;
				SWIFT_ACTIVE_COMPILATION_CONDITIONS = DEBUG;
				SWIFT_OPTIMIZATION_LEVEL = "-Onone";
			};
			name = Debug;
		};
		74FE67182BA1AB2E002A90CD /* Release */ = {
			isa = XCBuildConfiguration;
			buildSettings = {
				ALWAYS_SEARCH_USER_PATHS = NO;
				CLANG_ANALYZER_NONNULL = YES;
				CLANG_ANALYZER_NUMBER_OBJECT_CONVERSION = YES_AGGRESSIVE;
				CLANG_CXX_LANGUAGE_STANDARD = "gnu++20";
				CLANG_ENABLE_MODULES = YES;
				CLANG_ENABLE_OBJC_ARC = YES;
				CLANG_ENABLE_OBJC_WEAK = YES;
				CLANG_WARN_BLOCK_CAPTURE_AUTORELEASING = YES;
				CLANG_WARN_BOOL_CONVERSION = YES;
				CLANG_WARN_COMMA = YES;
				CLANG_WARN_CONSTANT_CONVERSION = YES;
				CLANG_WARN_DEPRECATED_OBJC_IMPLEMENTATIONS = YES;
				CLANG_WARN_DIRECT_OBJC_ISA_USAGE = YES_ERROR;
				CLANG_WARN_DOCUMENTATION_COMMENTS = YES;
				CLANG_WARN_EMPTY_BODY = YES;
				CLANG_WARN_ENUM_CONVERSION = YES;
				CLANG_WARN_INFINITE_RECURSION = YES;
				CLANG_WARN_INT_CONVERSION = YES;
				CLANG_WARN_NON_LITERAL_NULL_CONVERSION = YES;
				CLANG_WARN_OBJC_IMPLICIT_RETAIN_SELF = YES;
				CLANG_WARN_OBJC_LITERAL_CONVERSION = YES;
				CLANG_WARN_OBJC_ROOT_CLASS = YES_ERROR;
				CLANG_WARN_QUOTED_INCLUDE_IN_FRAMEWORK_HEADER = YES;
				CLANG_WARN_RANGE_LOOP_ANALYSIS = YES;
				CLANG_WARN_STRICT_PROTOTYPES = YES;
				CLANG_WARN_SUSPICIOUS_MOVE = YES;
				CLANG_WARN_UNGUARDED_AVAILABILITY = YES_AGGRESSIVE;
				CLANG_WARN_UNREACHABLE_CODE = YES;
				CLANG_WARN__DUPLICATE_METHOD_MATCH = YES;
				COPY_PHASE_STRIP = NO;
				DEBUG_INFORMATION_FORMAT = "dwarf-with-dsym";
				ENABLE_NS_ASSERTIONS = NO;
				ENABLE_STRICT_OBJC_MSGSEND = YES;
				GCC_C_LANGUAGE_STANDARD = gnu11;
				GCC_NO_COMMON_BLOCKS = YES;
				GCC_WARN_64_TO_32_BIT_CONVERSION = YES;
				GCC_WARN_ABOUT_RETURN_TYPE = YES_ERROR;
				GCC_WARN_UNDECLARED_SELECTOR = YES;
				GCC_WARN_UNINITIALIZED_AUTOS = YES_AGGRESSIVE;
				GCC_WARN_UNUSED_FUNCTION = YES;
				GCC_WARN_UNUSED_VARIABLE = YES;
				IPHONEOS_DEPLOYMENT_TARGET = 16.2;
				MTL_ENABLE_DEBUG_INFO = NO;
				MTL_FAST_MATH = YES;
				SDKROOT = iphoneos;
				SWIFT_COMPILATION_MODE = wholemodule;
				SWIFT_OPTIMIZATION_LEVEL = "-O";
				VALIDATE_PRODUCT = YES;
			};
			name = Release;
		};
		74FE671A2BA1AB2E002A90CD /* Debug */ = {
			isa = XCBuildConfiguration;
			buildSettings = {
				ASSETCATALOG_COMPILER_APPICON_NAME = AppIcon;
				ASSETCATALOG_COMPILER_GLOBAL_ACCENT_COLOR_NAME = AccentColor;
				CODE_SIGN_STYLE = Automatic;
				CURRENT_PROJECT_VERSION = 1;
				DEVELOPMENT_ASSET_PATHS = "\"Expenses_App/Preview Content\"";
				DEVELOPMENT_TEAM = HN32HK2XMQ;
				ENABLE_PREVIEWS = YES;
				GENERATE_INFOPLIST_FILE = YES;
				INFOPLIST_KEY_UIApplicationSceneManifest_Generation = YES;
				INFOPLIST_KEY_UIApplicationSupportsIndirectInputEvents = YES;
				INFOPLIST_KEY_UILaunchScreen_Generation = YES;
				INFOPLIST_KEY_UISupportedInterfaceOrientations_iPad = "UIInterfaceOrientationPortrait UIInterfaceOrientationPortraitUpsideDown UIInterfaceOrientationLandscapeLeft UIInterfaceOrientationLandscapeRight";
				INFOPLIST_KEY_UISupportedInterfaceOrientations_iPhone = "UIInterfaceOrientationPortrait UIInterfaceOrientationLandscapeLeft UIInterfaceOrientationLandscapeRight";
				LD_RUNPATH_SEARCH_PATHS = (
					"$(inherited)",
					"@executable_path/Frameworks",
				);
				MARKETING_VERSION = 1.0;
				PRODUCT_BUNDLE_IDENTIFIER = "MIKHAIL.Expenses-App";
				PRODUCT_NAME = "$(TARGET_NAME)";
				SWIFT_EMIT_LOC_STRINGS = YES;
				SWIFT_VERSION = 5.0;
				TARGETED_DEVICE_FAMILY = "1,2";
			};
			name = Debug;
		};
		74FE671B2BA1AB2E002A90CD /* Release */ = {
			isa = XCBuildConfiguration;
			buildSettings = {
				ASSETCATALOG_COMPILER_APPICON_NAME = AppIcon;
				ASSETCATALOG_COMPILER_GLOBAL_ACCENT_COLOR_NAME = AccentColor;
				CODE_SIGN_STYLE = Automatic;
				CURRENT_PROJECT_VERSION = 1;
				DEVELOPMENT_ASSET_PATHS = "\"Expenses_App/Preview Content\"";
				DEVELOPMENT_TEAM = HN32HK2XMQ;
				ENABLE_PREVIEWS = YES;
				GENERATE_INFOPLIST_FILE = YES;
				INFOPLIST_KEY_UIApplicationSceneManifest_Generation = YES;
				INFOPLIST_KEY_UIApplicationSupportsIndirectInputEvents = YES;
				INFOPLIST_KEY_UILaunchScreen_Generation = YES;
				INFOPLIST_KEY_UISupportedInterfaceOrientations_iPad = "UIInterfaceOrientationPortrait UIInterfaceOrientationPortraitUpsideDown UIInterfaceOrientationLandscapeLeft UIInterfaceOrientationLandscapeRight";
				INFOPLIST_KEY_UISupportedInterfaceOrientations_iPhone = "UIInterfaceOrientationPortrait UIInterfaceOrientationLandscapeLeft UIInterfaceOrientationLandscapeRight";
				LD_RUNPATH_SEARCH_PATHS = (
					"$(inherited)",
					"@executable_path/Frameworks",
				);
				MARKETING_VERSION = 1.0;
				PRODUCT_BUNDLE_IDENTIFIER = "MIKHAIL.Expenses-App";
				PRODUCT_NAME = "$(TARGET_NAME)";
				SWIFT_EMIT_LOC_STRINGS = YES;
				SWIFT_VERSION = 5.0;
				TARGETED_DEVICE_FAMILY = "1,2";
			};
			name = Release;
		};
		74FE67312BA31572002A90CD /* Debug */ = {
			isa = XCBuildConfiguration;
			buildSettings = {
				BUNDLE_LOADER = "$(TEST_HOST)";
				CODE_SIGN_STYLE = Automatic;
				CURRENT_PROJECT_VERSION = 1;
				DEVELOPMENT_TEAM = HN32HK2XMQ;
				GENERATE_INFOPLIST_FILE = YES;
				IPHONEOS_DEPLOYMENT_TARGET = 16.2;
				MACOSX_DEPLOYMENT_TARGET = 12.5;
				MARKETING_VERSION = 1.0;
				PRODUCT_BUNDLE_IDENTIFIER = "MIKHAIL.Expenses-AppTests";
				PRODUCT_NAME = "$(TARGET_NAME)";
				SDKROOT = auto;
				SUPPORTED_PLATFORMS = "iphoneos iphonesimulator macosx";
				SWIFT_EMIT_LOC_STRINGS = NO;
				SWIFT_VERSION = 5.0;
				TARGETED_DEVICE_FAMILY = "1,2";
				TEST_HOST = "$(BUILT_PRODUCTS_DIR)/Expenses_App.app/$(BUNDLE_EXECUTABLE_FOLDER_PATH)/Expenses_App";
			};
			name = Debug;
		};
		74FE67322BA31572002A90CD /* Release */ = {
			isa = XCBuildConfiguration;
			buildSettings = {
				BUNDLE_LOADER = "$(TEST_HOST)";
				CODE_SIGN_STYLE = Automatic;
				CURRENT_PROJECT_VERSION = 1;
				DEVELOPMENT_TEAM = HN32HK2XMQ;
				GENERATE_INFOPLIST_FILE = YES;
				IPHONEOS_DEPLOYMENT_TARGET = 16.2;
				MACOSX_DEPLOYMENT_TARGET = 12.5;
				MARKETING_VERSION = 1.0;
				PRODUCT_BUNDLE_IDENTIFIER = "MIKHAIL.Expenses-AppTests";
				PRODUCT_NAME = "$(TARGET_NAME)";
				SDKROOT = auto;
				SUPPORTED_PLATFORMS = "iphoneos iphonesimulator macosx";
				SWIFT_EMIT_LOC_STRINGS = NO;
				SWIFT_VERSION = 5.0;
				TARGETED_DEVICE_FAMILY = "1,2";
				TEST_HOST = "$(BUILT_PRODUCTS_DIR)/Expenses_App.app/$(BUNDLE_EXECUTABLE_FOLDER_PATH)/Expenses_App";
			};
			name = Release;
		};
/* End XCBuildConfiguration section */

/* Begin XCConfigurationList section */
		74FE67062BA1AB2C002A90CD /* Build configuration list for PBXProject "Expenses_App" */ = {
			isa = XCConfigurationList;
			buildConfigurations = (
				74FE67172BA1AB2E002A90CD /* Debug */,
				74FE67182BA1AB2E002A90CD /* Release */,
			);
			defaultConfigurationIsVisible = 0;
			defaultConfigurationName = Release;
		};
		74FE67192BA1AB2E002A90CD /* Build configuration list for PBXNativeTarget "Expenses_App" */ = {
			isa = XCConfigurationList;
			buildConfigurations = (
				74FE671A2BA1AB2E002A90CD /* Debug */,
				74FE671B2BA1AB2E002A90CD /* Release */,
			);
			defaultConfigurationIsVisible = 0;
			defaultConfigurationName = Release;
		};
		74FE67332BA31572002A90CD /* Build configuration list for PBXNativeTarget "Expenses_AppTests" */ = {
			isa = XCConfigurationList;
			buildConfigurations = (
				74FE67312BA31572002A90CD /* Debug */,
				74FE67322BA31572002A90CD /* Release */,
			);
			defaultConfigurationIsVisible = 0;
			defaultConfigurationName = Release;
		};
/* End XCConfigurationList section */
	};
	rootObject = 74FE67032BA1AB2C002A90CD /* Project object */;
}
